
Microsoft Visual Studio Solution File, Format Version 12.00
# Visual Studio Version 17
VisualStudioVersion = 17.11.35312.102
MinimumVisualStudioVersion = 10.0.40219.1
Project("{9A19103F-16F7-4668-BE54-9A1E7A4F7556}") = "Atv-16", "Atv-16\Atv-16.csproj", "{3DE65D4F-FA57-4F7E-BB7D-640EDE0860A5}"
EndProject
Project("{9A19103F-16F7-4668-BE54-9A1E7A4F7556}") = "Atv-9", "..\Atv-9\Atv-9\Atv-9.csproj", "{EFC6DB0A-06EF-471D-927E-E9F20A11031F}"
EndProject
Global
	GlobalSection(SolutionConfigurationPlatforms) = preSolution
		Debug|Any CPU = Debug|Any CPU
		Release|Any CPU = Release|Any CPU
	EndGlobalSection
	GlobalSection(ProjectConfigurationPlatforms) = postSolution
		{3DE65D4F-FA57-4F7E-BB7D-640EDE0860A5}.Debug|Any CPU.ActiveCfg = Debug|Any CPU
		{3DE65D4F-FA57-4F7E-BB7D-640EDE0860A5}.Debug|Any CPU.Build.0 = Debug|Any CPU
		{3DE65D4F-FA57-4F7E-BB7D-640EDE0860A5}.Release|Any CPU.ActiveCfg = Release|Any CPU
		{3DE65D4F-FA57-4F7E-BB7D-640EDE0860A5}.Release|Any CPU.Build.0 = Release|Any CPU
		{EFC6DB0A-06EF-471D-927E-E9F20A11031F}.Debug|Any CPU.ActiveCfg = Debug|Any CPU
		{EFC6DB0A-06EF-471D-927E-E9F20A11031F}.Debug|Any CPU.Build.0 = Debug|Any CPU
		{EFC6DB0A-06EF-471D-927E-E9F20A11031F}.Release|Any CPU.ActiveCfg = Release|Any CPU
		{EFC6DB0A-06EF-471D-927E-E9F20A11031F}.Release|Any CPU.Build.0 = Release|Any CPU
	EndGlobalSection
	GlobalSection(SolutionProperties) = preSolution
		HideSolutionNode = FALSE
	EndGlobalSection
	GlobalSection(ExtensibilityGlobals) = postSolution
		SolutionGuid = {04ABA6CA-5C0F-4228-8505-7ED649A16386}
	EndGlobalSection
EndGlobal
